<?xml version="1.0" encoding="utf-8"?>
<Project ToolsVersion="4.0" xmlns="http://schemas.microsoft.com/developer/msbuild/2003">
  <ItemGroup>
    <Filter Include="Source Files">
      <UniqueIdentifier>{4FC737F1-C7A5-4376-A066-2A32D752A2FF}</UniqueIdentifier>
      <Extensions>cpp;c;cc;cxx;def;odl;idl;hpj;bat;asm;asmx</Extensions>
    </Filter>
    <Filter Include="Header Files">
      <UniqueIdentifier>{93995380-89BD-4b04-88EB-625FBE52EBFB}</UniqueIdentifier>
      <Extensions>h;hh;hpp;hxx;hm;inl;inc;xsd</Extensions>
    </Filter>
    <Filter Include="Resource Files">
      <UniqueIdentifier>{67DA6AB6-F800-4c08-8B7A-83BB121AAD01}</UniqueIdentifier>
      <Extensions>rc;ico;cur;bmp;dlg;rc2;rct;bin;rgs;gif;jpg;jpeg;jpe;resx;tiff;tif;png;wav;mfcribbon-ms</Extensions>
    </Filter>
    <Filter Include="jsoncons">
      <UniqueIdentifier>{c2d066e2-b74c-4b67-98da-267c7f6ba89b}</UniqueIdentifier>
    </Filter>
  </ItemGroup>
  <ItemGroup>
    <ClCompile Include="Main.cpp">
      <Filter>Source Files</Filter>
    </ClCompile>
    <ClCompile Include="ConnectionManager.cpp">
      <Filter>Source Files</Filter>
    </ClCompile>
    <ClCompile Include="CoreLibraryManager.cpp">
      <Filter>Source Files</Filter>
    </ClCompile>
  </ItemGroup>
  <ItemGroup>
    <ClInclude Include="jsoncons\json_deserializer.hpp">
      <Filter>jsoncons</Filter>
    </ClInclude>
    <ClInclude Include="jsoncons\json_encoder.hpp">
      <Filter>jsoncons</Filter>
    </ClInclude>
    <ClInclude Include="jsoncons\json_error_category.hpp">
      <Filter>jsoncons</Filter>
    </ClInclude>
    <ClInclude Include="jsoncons\json_filter.hpp">
      <Filter>jsoncons</Filter>
    </ClInclude>
    <ClInclude Include="jsoncons\json_input_handler.hpp">
      <Filter>jsoncons</Filter>
    </ClInclude>
    <ClInclude Include="jsoncons\json_object.hpp">
      <Filter>jsoncons</Filter>
    </ClInclude>
    <ClInclude Include="jsoncons\json_output_handler.hpp">
      <Filter>jsoncons</Filter>
    </ClInclude>
    <ClInclude Include="jsoncons\json_parser.hpp">
      <Filter>jsoncons</Filter>
    </ClInclude>
    <ClInclude Include="jsoncons\json_reader.hpp">
      <Filter>jsoncons</Filter>
    </ClInclude>
    <ClInclude Include="jsoncons\json_serializer.hpp">
      <Filter>jsoncons</Filter>
    </ClInclude>
    <ClInclude Include="jsoncons\json_text_traits.hpp">
      <Filter>jsoncons</Filter>
    </ClInclude>
    <ClInclude Include="jsoncons\json_traits.hpp">
      <Filter>jsoncons</Filter>
    </ClInclude>
    <ClInclude Include="jsoncons\json_type_traits.hpp">
      <Filter>jsoncons</Filter>
    </ClInclude>
    <ClInclude Include="jsoncons\jsoncons.hpp">
      <Filter>jsoncons</Filter>
    </ClInclude>
    <ClInclude Include="jsoncons\jsoncons_config.hpp">
      <Filter>jsoncons</Filter>
    </ClInclude>
    <ClInclude Include="jsoncons\jsoncons_io.hpp">
      <Filter>jsoncons</Filter>
    </ClInclude>
    <ClInclude Include="jsoncons\osequencestream.hpp">
      <Filter>jsoncons</Filter>
    </ClInclude>
    <ClInclude Include="jsoncons\parse_error_handler.hpp">
      <Filter>jsoncons</Filter>
    </ClInclude>
    <ClInclude Include="jsoncons\serialization_options.hpp">
      <Filter>jsoncons</Filter>
    </ClInclude>
    <ClInclude Include="jsoncons\json.hpp">
      <Filter>jsoncons</Filter>
    </ClInclude>
    <ClInclude Include="jsoncons\json_array.hpp">
      <Filter>jsoncons</Filter>
    </ClInclude>
    <ClInclude Include="ConnectionManager.h">
      <Filter>Header Files</Filter>
    </ClInclude>
    <ClInclude Include="Message.h">
      <Filter>Header Files</Filter>
    </ClInclude>
    <ClInclude Include="CoreLibraryManager.h">
      <Filter>Header Files</Filter>
    </ClInclude>
    <ClInclude Include="Command.h">
      <Filter>Header Files</Filter>
    </ClInclude>
  </ItemGroup>
</Project>